Microsoft Visual Studio Solution File, Format Version 12.00
# Visual Studio Version 17
VisualStudioVersion = 17.5.2.0
MinimumVisualStudioVersion = 10.0.40219.1
Project("{FAE04EC0-301F-11D3-BF4B-00C04F79EFBC}") = "VisitorRegistrationSystemBackEnd", "VisitorRegistrationSystemBackEnd.csproj", "{04B90C69-4C39-9E94-ADA8-C376A742C34E}"
EndProject
Global
	GlobalSection(SolutionConfigurationPlatforms) = preSolution
		Debug|Any CPU = Debug|Any CPU
		Release|Any CPU = Release|Any CPU
	EndGlobalSection
	GlobalSection(ProjectConfigurationPlatforms) = postSolution
		{04B90C69-4C39-9E94-ADA8-C376A742C34E}.Debug|Any CPU.ActiveCfg = Debug|Any CPU
		{04B90C69-4C39-9E94-ADA8-C376A742C34E}.Debug|Any CPU.Build.0 = Debug|Any CPU
		{04B90C69-4C39-9E94-ADA8-C376A742C34E}.Release|Any CPU.ActiveCfg = Release|Any CPU
		{04B90C69-4C39-9E94-ADA8-C376A742C34E}.Release|Any CPU.Build.0 = Release|Any CPU
	EndGlobalSection
	GlobalSection(SolutionProperties) = preSolution
		HideSolutionNode = FALSE
	EndGlobalSection
	GlobalSection(ExtensibilityGlobals) = postSolution
		SolutionGuid = {1FD9E9B2-9A98-4F02-8B17-1CA180B5F0D7}
	EndGlobalSection
EndGlobal
